
Microsoft Visual Studio Solution File, Format Version 12.00
# Visual Studio Version 17
VisualStudioVersion = 17.13.35818.85
MinimumVisualStudioVersion = 10.0.40219.1
Project("{2150E333-8FDC-42A3-9474-1A3956D46DE8}") = "src", "src", "{02EA681E-C7D8-13C7-8484-4AC65E1B71E8}"
EndProject
Project("{2150E333-8FDC-42A3-9474-1A3956D46DE8}") = "test", "test", "{AD309D28-B9DE-49A2-A644-456F6ED65CA8}"
EndProject
Project("{2150E333-8FDC-42A3-9474-1A3956D46DE8}") = "Application", "Application", "{3241263C-F80F-4C61-BBC7-3030FAE0A2EE}"
EndProject
Project("{2150E333-8FDC-42A3-9474-1A3956D46DE8}") = "Domain", "Domain", "{AD0212BE-CAB9-409F-9C1C-EDAB5A49AE64}"
EndProject
Project("{2150E333-8FDC-42A3-9474-1A3956D46DE8}") = "Infrastructure", "Infrastructure", "{7A5E009A-47FF-449D-9221-123B29714845}"
EndProject
Project("{FAE04EC0-301F-11D3-BF4B-00C04F79EFBC}") = "ElevatorSimulation.Domain", "ElevatorSimulation.Domain\ElevatorSimulation.Domain.csproj", "{58AE0F30-42DC-4C2B-BB0A-970DCE01B9FB}"
EndProject
Project("{FAE04EC0-301F-11D3-BF4B-00C04F79EFBC}") = "ElevatorSimulation.Application", "ElevatorSimulation.Application\ElevatorSimulation.Application.csproj", "{E85AF5CA-A29C-4862-9727-338B4F719AE3}"
EndProject
Project("{FAE04EC0-301F-11D3-BF4B-00C04F79EFBC}") = "ElevatorSimulation.Infrastructure", "ElevatorSimulation.Infrastructure\ElevatorSimulation.Infrastructure.csproj", "{2434957A-4129-4FE5-AFAD-8A85DA251135}"
EndProject
Project("{2150E333-8FDC-42A3-9474-1A3956D46DE8}") = "Presentation", "Presentation", "{11DD8BFE-D6DF-4C39-9965-765F606C6690}"
EndProject
Project("{FAE04EC0-301F-11D3-BF4B-00C04F79EFBC}") = "ElevatorSimulation.ConsoleApp", "ElevatorSimulation.ConsoleApp\ElevatorSimulation.ConsoleApp.csproj", "{43E374D2-6CBE-477A-BF94-C093DEAEFCA6}"
EndProject
Project("{FAE04EC0-301F-11D3-BF4B-00C04F79EFBC}") = "ElevatorSimulation.Application.UnitTests", "ElevatorSimulation.Application.UnitTests\ElevatorSimulation.Application.UnitTests.csproj", "{1A318512-5A60-436E-86A7-094EBC2B88A5}"
EndProject
Global
	GlobalSection(SolutionConfigurationPlatforms) = preSolution
		Debug|Any CPU = Debug|Any CPU
		Release|Any CPU = Release|Any CPU
	EndGlobalSection
	GlobalSection(ProjectConfigurationPlatforms) = postSolution
		{58AE0F30-42DC-4C2B-BB0A-970DCE01B9FB}.Debug|Any CPU.ActiveCfg = Debug|Any CPU
		{58AE0F30-42DC-4C2B-BB0A-970DCE01B9FB}.Debug|Any CPU.Build.0 = Debug|Any CPU
		{58AE0F30-42DC-4C2B-BB0A-970DCE01B9FB}.Release|Any CPU.ActiveCfg = Release|Any CPU
		{58AE0F30-42DC-4C2B-BB0A-970DCE01B9FB}.Release|Any CPU.Build.0 = Release|Any CPU
		{E85AF5CA-A29C-4862-9727-338B4F719AE3}.Debug|Any CPU.ActiveCfg = Debug|Any CPU
		{E85AF5CA-A29C-4862-9727-338B4F719AE3}.Debug|Any CPU.Build.0 = Debug|Any CPU
		{E85AF5CA-A29C-4862-9727-338B4F719AE3}.Release|Any CPU.ActiveCfg = Release|Any CPU
		{E85AF5CA-A29C-4862-9727-338B4F719AE3}.Release|Any CPU.Build.0 = Release|Any CPU
		{2434957A-4129-4FE5-AFAD-8A85DA251135}.Debug|Any CPU.ActiveCfg = Debug|Any CPU
		{2434957A-4129-4FE5-AFAD-8A85DA251135}.Debug|Any CPU.Build.0 = Debug|Any CPU
		{2434957A-4129-4FE5-AFAD-8A85DA251135}.Release|Any CPU.ActiveCfg = Release|Any CPU
		{2434957A-4129-4FE5-AFAD-8A85DA251135}.Release|Any CPU.Build.0 = Release|Any CPU
		{43E374D2-6CBE-477A-BF94-C093DEAEFCA6}.Debug|Any CPU.ActiveCfg = Debug|Any CPU
		{43E374D2-6CBE-477A-BF94-C093DEAEFCA6}.Debug|Any CPU.Build.0 = Debug|Any CPU
		{43E374D2-6CBE-477A-BF94-C093DEAEFCA6}.Release|Any CPU.ActiveCfg = Release|Any CPU
		{43E374D2-6CBE-477A-BF94-C093DEAEFCA6}.Release|Any CPU.Build.0 = Release|Any CPU
		{1A318512-5A60-436E-86A7-094EBC2B88A5}.Debug|Any CPU.ActiveCfg = Debug|Any CPU
		{1A318512-5A60-436E-86A7-094EBC2B88A5}.Debug|Any CPU.Build.0 = Debug|Any CPU
		{1A318512-5A60-436E-86A7-094EBC2B88A5}.Release|Any CPU.ActiveCfg = Release|Any CPU
		{1A318512-5A60-436E-86A7-094EBC2B88A5}.Release|Any CPU.Build.0 = Release|Any CPU
	EndGlobalSection
	GlobalSection(SolutionProperties) = preSolution
		HideSolutionNode = FALSE
	EndGlobalSection
	GlobalSection(NestedProjects) = preSolution
		{3241263C-F80F-4C61-BBC7-3030FAE0A2EE} = {02EA681E-C7D8-13C7-8484-4AC65E1B71E8}
		{AD0212BE-CAB9-409F-9C1C-EDAB5A49AE64} = {02EA681E-C7D8-13C7-8484-4AC65E1B71E8}
		{7A5E009A-47FF-449D-9221-123B29714845} = {02EA681E-C7D8-13C7-8484-4AC65E1B71E8}
		{58AE0F30-42DC-4C2B-BB0A-970DCE01B9FB} = {AD0212BE-CAB9-409F-9C1C-EDAB5A49AE64}
		{E85AF5CA-A29C-4862-9727-338B4F719AE3} = {3241263C-F80F-4C61-BBC7-3030FAE0A2EE}
		{2434957A-4129-4FE5-AFAD-8A85DA251135} = {7A5E009A-47FF-449D-9221-123B29714845}
		{11DD8BFE-D6DF-4C39-9965-765F606C6690} = {02EA681E-C7D8-13C7-8484-4AC65E1B71E8}
		{43E374D2-6CBE-477A-BF94-C093DEAEFCA6} = {11DD8BFE-D6DF-4C39-9965-765F606C6690}
		{1A318512-5A60-436E-86A7-094EBC2B88A5} = {AD309D28-B9DE-49A2-A644-456F6ED65CA8}
	EndGlobalSection
	GlobalSection(ExtensibilityGlobals) = postSolution
		SolutionGuid = {7F0EB68C-FAE3-4EF9-84C6-84EABA575A40}
	EndGlobalSection
EndGlobal
